
Microsoft Visual Studio Solution File, Format Version 12.00
# Visual Studio 14
VisualStudioVersion = 14.0.25420.1
MinimumVisualStudioVersion = 10.0.40219.1
Project("{FAE04EC0-301F-11D3-BF4B-00C04F79EFBC}") = "DeepInsights.Shell", "DeepInsights\DeepInsights.Shell.csproj", "{AF41A061-5FA8-4DD8-BF16-2C4E3A08E871}"
EndProject
Project("{FAE04EC0-301F-11D3-BF4B-00C04F79EFBC}") = "Components.MarketNews", "NewsModule\Components.MarketNews.csproj", "{FCBDAA14-EBD8-4C60-B98A-2F20C12DF515}"
EndProject
Project("{2150E333-8FDC-42A3-9474-1A3956D46DE8}") = "Components", "Components", "{27FD336E-F386-4C3F-9B05-F2566399BADA}"
EndProject
Project("{FAE04EC0-301F-11D3-BF4B-00C04F79EFBC}") = "DeepInsights.Shell.Infrastructure", "DeepInsights.Shell.Infrastructure\DeepInsights.Shell.Infrastructure.csproj", "{D6D2EE87-6D4D-4F73-AAF6-04A02A8D0A5A}"
EndProject
Project("{FAE04EC0-301F-11D3-BF4B-00C04F79EFBC}") = "Components.WatchList", "Components.LivePrices\Components.WatchList.csproj", "{63E295B8-35BB-4B32-9D98-2368BE9B6068}"
EndProject
Project("{FAE04EC0-301F-11D3-BF4B-00C04F79EFBC}") = "DeepInsights.Services", "DeepInsights.Services\DeepInsights.Services.csproj", "{D69E1F48-DBE3-4A41-95C5-10286E9C1ABB}"
EndProject
Project("{FAE04EC0-301F-11D3-BF4B-00C04F79EFBC}") = "Components.HistoricalPrices", "Components.HistoricalPrices\Components.HistoricalPrices.csproj", "{39527908-4507-429B-AB2B-30180399578E}"
EndProject
Project("{FAE04EC0-301F-11D3-BF4B-00C04F79EFBC}") = "Components.Account", "Components.Account\Components.Account.csproj", "{D0C5E406-BB08-4BA4-938F-8B17FFE5BA42}"
EndProject
Project("{FAE04EC0-301F-11D3-BF4B-00C04F79EFBC}") = "Components.TopDashboard", "Components.TopDashboard\Components.TopDashboard.csproj", "{19C81DB4-0A48-41FC-8E5C-871BAF387D37}"
EndProject
Project("{FAE04EC0-301F-11D3-BF4B-00C04F79EFBC}") = "Components.Account.UnitTest", "Components.Account.UnitTest\Components.Account.UnitTest.csproj", "{13FF1073-D3B9-4AF4-A0EA-B450604598A2}"
EndProject
Global
	GlobalSection(SolutionConfigurationPlatforms) = preSolution
		Debug|Any CPU = Debug|Any CPU
		Release|Any CPU = Release|Any CPU
	EndGlobalSection
	GlobalSection(ProjectConfigurationPlatforms) = postSolution
		{AF41A061-5FA8-4DD8-BF16-2C4E3A08E871}.Debug|Any CPU.ActiveCfg = Debug|Any CPU
		{AF41A061-5FA8-4DD8-BF16-2C4E3A08E871}.Debug|Any CPU.Build.0 = Debug|Any CPU
		{AF41A061-5FA8-4DD8-BF16-2C4E3A08E871}.Release|Any CPU.ActiveCfg = Release|Any CPU
		{AF41A061-5FA8-4DD8-BF16-2C4E3A08E871}.Release|Any CPU.Build.0 = Release|Any CPU
		{FCBDAA14-EBD8-4C60-B98A-2F20C12DF515}.Debug|Any CPU.ActiveCfg = Debug|Any CPU
		{FCBDAA14-EBD8-4C60-B98A-2F20C12DF515}.Debug|Any CPU.Build.0 = Debug|Any CPU
		{FCBDAA14-EBD8-4C60-B98A-2F20C12DF515}.Release|Any CPU.ActiveCfg = Release|Any CPU
		{FCBDAA14-EBD8-4C60-B98A-2F20C12DF515}.Release|Any CPU.Build.0 = Release|Any CPU
		{D6D2EE87-6D4D-4F73-AAF6-04A02A8D0A5A}.Debug|Any CPU.ActiveCfg = Debug|Any CPU
		{D6D2EE87-6D4D-4F73-AAF6-04A02A8D0A5A}.Debug|Any CPU.Build.0 = Debug|Any CPU
		{D6D2EE87-6D4D-4F73-AAF6-04A02A8D0A5A}.Release|Any CPU.ActiveCfg = Release|Any CPU
		{D6D2EE87-6D4D-4F73-AAF6-04A02A8D0A5A}.Release|Any CPU.Build.0 = Release|Any CPU
		{63E295B8-35BB-4B32-9D98-2368BE9B6068}.Debug|Any CPU.ActiveCfg = Debug|Any CPU
		{63E295B8-35BB-4B32-9D98-2368BE9B6068}.Debug|Any CPU.Build.0 = Debug|Any CPU
		{63E295B8-35BB-4B32-9D98-2368BE9B6068}.Release|Any CPU.ActiveCfg = Release|Any CPU
		{63E295B8-35BB-4B32-9D98-2368BE9B6068}.Release|Any CPU.Build.0 = Release|Any CPU
		{D69E1F48-DBE3-4A41-95C5-10286E9C1ABB}.Debug|Any CPU.ActiveCfg = Debug|Any CPU
		{D69E1F48-DBE3-4A41-95C5-10286E9C1ABB}.Debug|Any CPU.Build.0 = Debug|Any CPU
		{D69E1F48-DBE3-4A41-95C5-10286E9C1ABB}.Release|Any CPU.ActiveCfg = Release|Any CPU
		{D69E1F48-DBE3-4A41-95C5-10286E9C1ABB}.Release|Any CPU.Build.0 = Release|Any CPU
		{39527908-4507-429B-AB2B-30180399578E}.Debug|Any CPU.ActiveCfg = Debug|Any CPU
		{39527908-4507-429B-AB2B-30180399578E}.Debug|Any CPU.Build.0 = Debug|Any CPU
		{39527908-4507-429B-AB2B-30180399578E}.Release|Any CPU.ActiveCfg = Release|Any CPU
		{39527908-4507-429B-AB2B-30180399578E}.Release|Any CPU.Build.0 = Release|Any CPU
		{D0C5E406-BB08-4BA4-938F-8B17FFE5BA42}.Debug|Any CPU.ActiveCfg = Debug|Any CPU
		{D0C5E406-BB08-4BA4-938F-8B17FFE5BA42}.Debug|Any CPU.Build.0 = Debug|Any CPU
		{D0C5E406-BB08-4BA4-938F-8B17FFE5BA42}.Release|Any CPU.ActiveCfg = Release|Any CPU
		{D0C5E406-BB08-4BA4-938F-8B17FFE5BA42}.Release|Any CPU.Build.0 = Release|Any CPU
		{19C81DB4-0A48-41FC-8E5C-871BAF387D37}.Debug|Any CPU.ActiveCfg = Debug|Any CPU
		{19C81DB4-0A48-41FC-8E5C-871BAF387D37}.Debug|Any CPU.Build.0 = Debug|Any CPU
		{19C81DB4-0A48-41FC-8E5C-871BAF387D37}.Release|Any CPU.ActiveCfg = Release|Any CPU
		{19C81DB4-0A48-41FC-8E5C-871BAF387D37}.Release|Any CPU.Build.0 = Release|Any CPU
		{13FF1073-D3B9-4AF4-A0EA-B450604598A2}.Debug|Any CPU.ActiveCfg = Debug|Any CPU
		{13FF1073-D3B9-4AF4-A0EA-B450604598A2}.Debug|Any CPU.Build.0 = Debug|Any CPU
		{13FF1073-D3B9-4AF4-A0EA-B450604598A2}.Release|Any CPU.ActiveCfg = Release|Any CPU
		{13FF1073-D3B9-4AF4-A0EA-B450604598A2}.Release|Any CPU.Build.0 = Release|Any CPU
	EndGlobalSection
	GlobalSection(SolutionProperties) = preSolution
		HideSolutionNode = FALSE
	EndGlobalSection
	GlobalSection(NestedProjects) = preSolution
		{FCBDAA14-EBD8-4C60-B98A-2F20C12DF515} = {27FD336E-F386-4C3F-9B05-F2566399BADA}
		{63E295B8-35BB-4B32-9D98-2368BE9B6068} = {27FD336E-F386-4C3F-9B05-F2566399BADA}
		{39527908-4507-429B-AB2B-30180399578E} = {27FD336E-F386-4C3F-9B05-F2566399BADA}
		{D0C5E406-BB08-4BA4-938F-8B17FFE5BA42} = {27FD336E-F386-4C3F-9B05-F2566399BADA}
		{19C81DB4-0A48-41FC-8E5C-871BAF387D37} = {27FD336E-F386-4C3F-9B05-F2566399BADA}
		{13FF1073-D3B9-4AF4-A0EA-B450604598A2} = {27FD336E-F386-4C3F-9B05-F2566399BADA}
	EndGlobalSection
EndGlobal
